// !$*UTF8*$!
{
	archiveVersion = 1;
	classes = {
	};
	objectVersion = 56;
	objects = {

/* Begin PBXBuildFile section */
		4D35567B2A2060E7005FC72A /* poppin_swift_assessmentApp.swift in Sources */ = {isa = PBXBuildFile; fileRef = 4D35567A2A2060E7005FC72A /* poppin_swift_assessmentApp.swift */; };
		4D35567F2A2060E9005FC72A /* Assets.xcassets in Resources */ = {isa = PBXBuildFile; fileRef = 4D35567E2A2060E9005FC72A /* Assets.xcassets */; };
		4D3556822A2060E9005FC72A /* Preview Assets.xcassets in Resources */ = {isa = PBXBuildFile; fileRef = 4D3556812A2060E9005FC72A /* Preview Assets.xcassets */; };
		4D35568C2A2060EA005FC72A /* poppin_swift_assessmentTests.swift in Sources */ = {isa = PBXBuildFile; fileRef = 4D35568B2A2060EA005FC72A /* poppin_swift_assessmentTests.swift */; };
		4D3556962A2060EA005FC72A /* poppin_swift_assessmentUITests.swift in Sources */ = {isa = PBXBuildFile; fileRef = 4D3556952A2060EA005FC72A /* poppin_swift_assessmentUITests.swift */; };
		4D3556982A2060EA005FC72A /* poppin_swift_assessmentUITestsLaunchTests.swift in Sources */ = {isa = PBXBuildFile; fileRef = 4D3556972A2060EA005FC72A /* poppin_swift_assessmentUITestsLaunchTests.swift */; };
		4D3556A42A206497005FC72A /* ContentView.swift in Sources */ = {isa = PBXBuildFile; fileRef = 4D35567C2A2060E7005FC72A /* ContentView.swift */; };
/* End PBXBuildFile section */

/* Begin PBXContainerItemProxy section */
		4D3556882A2060EA005FC72A /* PBXContainerItemProxy */ = {
			isa = PBXContainerItemProxy;
			containerPortal = 4D35566F2A2060E7005FC72A /* Project object */;
			proxyType = 1;
			remoteGlobalIDString = 4D3556762A2060E7005FC72A;
			remoteInfo = "poppin-swift-assessment";
		};
		4D3556922A2060EA005FC72A /* PBXContainerItemProxy */ = {
			isa = PBXContainerItemProxy;
			containerPortal = 4D35566F2A2060E7005FC72A /* Project object */;
			proxyType = 1;
			remoteGlobalIDString = 4D3556762A2060E7005FC72A;
			remoteInfo = "poppin-swift-assessment";
		};
/* End PBXContainerItemProxy section */

/* Begin PBXFileReference section */
		4D3556772A2060E7005FC72A /* poppin-swift-assessment.app */ = {isa = PBXFileReference; explicitFileType = wrapper.application; includeInIndex = 0; path = "poppin-swift-assessment.app"; sourceTree = BUILT_PRODUCTS_DIR; };
		4D35567A2A2060E7005FC72A /* poppin_swift_assessmentApp.swift */ = {isa = PBXFileReference; lastKnownFileType = sourcecode.swift; path = poppin_swift_assessmentApp.swift; sourceTree = "<group>"; };
		4D35567C2A2060E7005FC72A /* ContentView.swift */ = {isa = PBXFileReference; lastKnownFileType = sourcecode.swift; path = ContentView.swift; sourceTree = "<group>"; };
		4D35567E2A2060E9005FC72A /* Assets.xcassets */ = {isa = PBXFileReference; lastKnownFileType = folder.assetcatalog; path = Assets.xcassets; sourceTree = "<group>"; };
		4D3556812A2060E9005FC72A /* Preview Assets.xcassets */ = {isa = PBXFileReference; lastKnownFileType = folder.assetcatalog; path = "Preview Assets.xcassets"; sourceTree = "<group>"; };
		4D3556872A2060EA005FC72A /* poppin-swift-assessmentTests.xctest */ = {isa = PBXFileReference; explicitFileType = wrapper.cfbundle; includeInIndex = 0; path = "poppin-swift-assessmentTests.xctest"; sourceTree = BUILT_PRODUCTS_DIR; };
		4D35568B2A2060EA005FC72A /* poppin_swift_assessmentTests.swift */ = {isa = PBXFileReference; lastKnownFileType = sourcecode.swift; path = poppin_swift_assessmentTests.swift; sourceTree = "<group>"; };
		4D3556912A2060EA005FC72A /* poppin-swift-assessmentUITests.xctest */ = {isa = PBXFileReference; explicitFileType = wrapper.cfbundle; includeInIndex = 0; path = "poppin-swift-assessmentUITests.xctest"; sourceTree = BUILT_PRODUCTS_DIR; };
		4D3556952A2060EA005FC72A /* poppin_swift_assessmentUITests.swift */ = {isa = PBXFileReference; lastKnownFileType = sourcecode.swift; path = poppin_swift_assessmentUITests.swift; sourceTree = "<group>"; };
		4D3556972A2060EA005FC72A /* poppin_swift_assessmentUITestsLaunchTests.swift */ = {isa = PBXFileReference; lastKnownFileType = sourcecode.swift; path = poppin_swift_assessmentUITestsLaunchTests.swift; sourceTree = "<group>"; };
/* End PBXFileReference section */

/* Begin PBXFrameworksBuildPhase section */
		4D3556742A2060E7005FC72A /* Frameworks */ = {
			isa = PBXFrameworksBuildPhase;
			buildActionMask = 2147483647;
			files = (
			);
			runOnlyForDeploymentPostprocessing = 0;
		};
		4D3556842A2060EA005FC72A /* Frameworks */ = {
			isa = PBXFrameworksBuildPhase;
			buildActionMask = 2147483647;
			files = (
			);
			runOnlyForDeploymentPostprocessing = 0;
		};
		4D35568E2A2060EA005FC72A /* Frameworks */ = {
			isa = PBXFrameworksBuildPhase;
			buildActionMask = 2147483647;
			files = (
			);
			runOnlyForDeploymentPostprocessing = 0;
		};
/* End PBXFrameworksBuildPhase section */

/* Begin PBXGroup section */
		4D35566E2A2060E7005FC72A = {
			isa = PBXGroup;
			children = (
				4D3556792A2060E7005FC72A /* poppin-swift-assessment */,
				4D35568A2A2060EA005FC72A /* poppin-swift-assessmentTests */,
				4D3556942A2060EA005FC72A /* poppin-swift-assessmentUITests */,
				4D3556782A2060E7005FC72A /* Products */,
			);
			sourceTree = "<group>";
		};
		4D3556782A2060E7005FC72A /* Products */ = {
			isa = PBXGroup;
			children = (
				4D3556772A2060E7005FC72A /* poppin-swift-assessment.app */,
				4D3556872A2060EA005FC72A /* poppin-swift-assessmentTests.xctest */,
				4D3556912A2060EA005FC72A /* poppin-swift-assessmentUITests.xctest */,
			);
			name = Products;
			sourceTree = "<group>";
		};
		4D3556792A2060E7005FC72A /* poppin-swift-assessment */ = {
			isa = PBXGroup;
			children = (
				4D35567A2A2060E7005FC72A /* poppin_swift_assessmentApp.swift */,
				4D35567C2A2060E7005FC72A /* ContentView.swift */,
				4D35567E2A2060E9005FC72A /* Assets.xcassets */,
				4D3556802A2060E9005FC72A /* Preview Content */,
			);
			path = "poppin-swift-assessment";
			sourceTree = "<group>";
		};
		4D3556802A2060E9005FC72A /* Preview Content */ = {
			isa = PBXGroup;
			children = (
				4D3556812A2060E9005FC72A /* Preview Assets.xcassets */,
			);
			path = "Preview Content";
			sourceTree = "<group>";
		};
		4D35568A2A2060EA005FC72A /* poppin-swift-assessmentTests */ = {
			isa = PBXGroup;
			children = (
				4D35568B2A2060EA005FC72A /* poppin_swift_assessmentTests.swift */,
			);
			path = "poppin-swift-assessmentTests";
			sourceTree = "<group>";
		};
		4D3556942A2060EA005FC72A /* poppin-swift-assessmentUITests */ = {
			isa = PBXGroup;
			children = (
				4D3556952A2060EA005FC72A /* poppin_swift_assessmentUITests.swift */,
				4D3556972A2060EA005FC72A /* poppin_swift_assessmentUITestsLaunchTests.swift */,
			);
			path = "poppin-swift-assessmentUITests";
			sourceTree = "<group>";
		};
/* End PBXGroup section */

/* Begin PBXNativeTarget section */
		4D3556762A2060E7005FC72A /* poppin-swift-assessment */ = {
			isa = PBXNativeTarget;
			buildConfigurationList = 4D35569B2A2060EA005FC72A /* Build configuration list for PBXNativeTarget "poppin-swift-assessment" */;
			buildPhases = (
				4D3556732A2060E7005FC72A /* Sources */,
				4D3556742A2060E7005FC72A /* Frameworks */,
				4D3556752A2060E7005FC72A /* Resources */,
			);
			buildRules = (
			);
			dependencies = (
			);
			name = "poppin-swift-assessment";
			productName = "poppin-swift-assessment";
			productReference = 4D3556772A2060E7005FC72A /* poppin-swift-assessment.app */;
			productType = "com.apple.product-type.application";
		};
		4D3556862A2060EA005FC72A /* poppin-swift-assessmentTests */ = {
			isa = PBXNativeTarget;
			buildConfigurationList = 4D35569E2A2060EA005FC72A /* Build configuration list for PBXNativeTarget "poppin-swift-assessmentTests" */;
			buildPhases = (
				4D3556832A2060EA005FC72A /* Sources */,
				4D3556842A2060EA005FC72A /* Frameworks */,
				4D3556852A2060EA005FC72A /* Resources */,
			);
			buildRules = (
			);
			dependencies = (
				4D3556892A2060EA005FC72A /* PBXTargetDependency */,
			);
			name = "poppin-swift-assessmentTests";
			productName = "poppin-swift-assessmentTests";
			productReference = 4D3556872A2060EA005FC72A /* poppin-swift-assessmentTests.xctest */;
			productType = "com.apple.product-type.bundle.unit-test";
		};
		4D3556902A2060EA005FC72A /* poppin-swift-assessmentUITests */ = {
			isa = PBXNativeTarget;
			buildConfigurationList = 4D3556A12A2060EA005FC72A /* Build configuration list for PBXNativeTarget "poppin-swift-assessmentUITests" */;
			buildPhases = (
				4D35568D2A2060EA005FC72A /* Sources */,
				4D35568E2A2060EA005FC72A /* Frameworks */,
				4D35568F2A2060EA005FC72A /* Resources */,
			);
			buildRules = (
			);
			dependencies = (
				4D3556932A2060EA005FC72A /* PBXTargetDependency */,
			);
			name = "poppin-swift-assessmentUITests";
			productName = "poppin-swift-assessmentUITests";
			productReference = 4D3556912A2060EA005FC72A /* poppin-swift-assessmentUITests.xctest */;
			productType = "com.apple.product-type.bundle.ui-testing";
		};
/* End PBXNativeTarget section */

/* Begin PBXProject section */
		4D35566F2A2060E7005FC72A /* Project object */ = {
			isa = PBXProject;
			attributes = {
				BuildIndependentTargetsInParallel = 1;
				LastSwiftUpdateCheck = 1430;
				LastUpgradeCheck = 1430;
				TargetAttributes = {
					4D3556762A2060E7005FC72A = {
						CreatedOnToolsVersion = 14.3;
					};
					4D3556862A2060EA005FC72A = {
						CreatedOnToolsVersion = 14.3;
						TestTargetID = 4D3556762A2060E7005FC72A;
					};
					4D3556902A2060EA005FC72A = {
						CreatedOnToolsVersion = 14.3;
						TestTargetID = 4D3556762A2060E7005FC72A;
					};
				};
			};
			buildConfigurationList = 4D3556722A2060E7005FC72A /* Build configuration list for PBXProject "poppin-swift-assessment" */;
			compatibilityVersion = "Xcode 14.0";
			developmentRegion = en;
			hasScannedForEncodings = 0;
			knownRegions = (
				en,
				Base,
			);
			mainGroup = 4D35566E2A2060E7005FC72A;
			productRefGroup = 4D3556782A2060E7005FC72A /* Products */;
			projectDirPath = "";
			projectRoot = "";
			targets = (
				4D3556762A2060E7005FC72A /* poppin-swift-assessment */,
				4D3556862A2060EA005FC72A /* poppin-swift-assessmentTests */,
				4D3556902A2060EA005FC72A /* poppin-swift-assessmentUITests */,
			);
		};
/* End PBXProject section */

/* Begin PBXResourcesBuildPhase section */
		4D3556752A2060E7005FC72A /* Resources */ = {
			isa = PBXResourcesBuildPhase;
			buildActionMask = 2147483647;
			files = (
				4D3556822A2060E9005FC72A /* Preview Assets.xcassets in Resources */,
				4D35567F2A2060E9005FC72A /* Assets.xcassets in Resources */,
			);
			runOnlyForDeploymentPostprocessing = 0;
		};
		4D3556852A2060EA005FC72A /* Resources */ = {
			isa = PBXResourcesBuildPhase;
			buildActionMask = 2147483647;
			files = (
			);
			runOnlyForDeploymentPostprocessing = 0;
		};
		4D35568F2A2060EA005FC72A /* Resources */ = {
			isa = PBXResourcesBuildPhase;
			buildActionMask = 2147483647;
			files = (
			);
			runOnlyForDeploymentPostprocessing = 0;
		};
/* End PBXResourcesBuildPhase section */

/* Begin PBXSourcesBuildPhase section */
		4D3556732A2060E7005FC72A /* Sources */ = {
			isa = PBXSourcesBuildPhase;
			buildActionMask = 2147483647;
			files = (
				4D3556A42A206497005FC72A /* ContentView.swift in Sources */,
				4D35567B2A2060E7005FC72A /* poppin_swift_assessmentApp.swift in Sources */,
			);
			runOnlyForDeploymentPostprocessing = 0;
		};
		4D3556832A2060EA005FC72A /* Sources */ = {
			isa = PBXSourcesBuildPhase;
			buildActionMask = 2147483647;
			files = (
				4D35568C2A2060EA005FC72A /* poppin_swift_assessmentTests.swift in Sources */,
			);
			runOnlyForDeploymentPostprocessing = 0;
		};
		4D35568D2A2060EA005FC72A /* Sources */ = {
			isa = PBXSourcesBuildPhase;
			buildActionMask = 2147483647;
			files = (
				4D3556982A2060EA005FC72A /* poppin_swift_assessmentUITestsLaunchTests.swift in Sources */,
				4D3556962A2060EA005FC72A /* poppin_swift_assessmentUITests.swift in Sources */,
			);
			runOnlyForDeploymentPostprocessing = 0;
		};
/* End PBXSourcesBuildPhase section */

/* Begin PBXTargetDependency section */
		4D3556892A2060EA005FC72A /* PBXTargetDependency */ = {
			isa = PBXTargetDependency;
			target = 4D3556762A2060E7005FC72A /* poppin-swift-assessment */;
			targetProxy = 4D3556882A2060EA005FC72A /* PBXContainerItemProxy */;
		};
		4D3556932A2060EA005FC72A /* PBXTargetDependency */ = {
			isa = PBXTargetDependency;
			target = 4D3556762A2060E7005FC72A /* poppin-swift-assessment */;
			targetProxy = 4D3556922A2060EA005FC72A /* PBXContainerItemProxy */;
		};
/* End PBXTargetDependency section */

/* Begin XCBuildConfiguration section */
		4D3556992A2060EA005FC72A /* Debug */ = {
			isa = XCBuildConfiguration;
			buildSettings = {
				ALWAYS_SEARCH_USER_PATHS = NO;
				CLANG_ANALYZER_NONNULL = YES;
				CLANG_ANALYZER_NUMBER_OBJECT_CONVERSION = YES_AGGRESSIVE;
				CLANG_CXX_LANGUAGE_STANDARD = "gnu++20";
				CLANG_ENABLE_MODULES = YES;
				CLANG_ENABLE_OBJC_ARC = YES;
				CLANG_ENABLE_OBJC_WEAK = YES;
				CLANG_WARN_BLOCK_CAPTURE_AUTORELEASING = YES;
				CLANG_WARN_BOOL_CONVERSION = YES;
				CLANG_WARN_COMMA = YES;
				CLANG_WARN_CONSTANT_CONVERSION = YES;
				CLANG_WARN_DEPRECATED_OBJC_IMPLEMENTATIONS = YES;
				CLANG_WARN_DIRECT_OBJC_ISA_USAGE = YES_ERROR;
				CLANG_WARN_DOCUMENTATION_COMMENTS = YES;
				CLANG_WARN_EMPTY_BODY = YES;
				CLANG_WARN_ENUM_CONVERSION = YES;
				CLANG_WARN_INFINITE_RECURSION = YES;
				CLANG_WARN_INT_CONVERSION = YES;
				CLANG_WARN_NON_LITERAL_NULL_CONVERSION = YES;
				CLANG_WARN_OBJC_IMPLICIT_RETAIN_SELF = YES;
				CLANG_WARN_OBJC_LITERAL_CONVERSION = YES;
				CLANG_WARN_OBJC_ROOT_CLASS = YES_ERROR;
				CLANG_WARN_QUOTED_INCLUDE_IN_FRAMEWORK_HEADER = YES;
				CLANG_WARN_RANGE_LOOP_ANALYSIS = YES;
				CLANG_WARN_STRICT_PROTOTYPES = YES;
				CLANG_WARN_SUSPICIOUS_MOVE = YES;
				CLANG_WARN_UNGUARDED_AVAILABILITY = YES_AGGRESSIVE;
				CLANG_WARN_UNREACHABLE_CODE = YES;
				CLANG_WARN__DUPLICATE_METHOD_MATCH = YES;
				COPY_PHASE_STRIP = NO;
				DEBUG_INFORMATION_FORMAT = dwarf;
				ENABLE_STRICT_OBJC_MSGSEND = YES;
				ENABLE_TESTABILITY = YES;
				GCC_C_LANGUAGE_STANDARD = gnu11;
				GCC_DYNAMIC_NO_PIC = NO;
				GCC_NO_COMMON_BLOCKS = YES;
				GCC_OPTIMIZATION_LEVEL = 0;
				GCC_PREPROCESSOR_DEFINITIONS = (
					"DEBUG=1",
					"$(inherited)",
				);
				GCC_WARN_64_TO_32_BIT_CONVERSION = YES;
				GCC_WARN_ABOUT_RETURN_TYPE = YES_ERROR;
				GCC_WARN_UNDECLARED_SELECTOR = YES;
				GCC_WARN_UNINITIALIZED_AUTOS = YES_AGGRESSIVE;
				GCC_WARN_UNUSED_FUNCTION = YES;
				GCC_WARN_UNUSED_VARIABLE = YES;
				IPHONEOS_DEPLOYMENT_TARGET = 16.4;
				MTL_ENABLE_DEBUG_INFO = INCLUDE_SOURCE;
				MTL_FAST_MATH = YES;
				ONLY_ACTIVE_ARCH = YES;
				SDKROOT = iphoneos;
				SWIFT_ACTIVE_COMPILATION_CONDITIONS = DEBUG;
				SWIFT_OPTIMIZATION_LEVEL = "-Onone";
			};
			name = Debug;
		};
		4D35569A2A2060EA005FC72A /* Release */ = {
			isa = XCBuildConfiguration;
			buildSettings = {
				ALWAYS_SEARCH_USER_PATHS = NO;
				CLANG_ANALYZER_NONNULL = YES;
				CLANG_ANALYZER_NUMBER_OBJECT_CONVERSION = YES_AGGRESSIVE;
				CLANG_CXX_LANGUAGE_STANDARD = "gnu++20";
				CLANG_ENABLE_MODULES = YES;
				CLANG_ENABLE_OBJC_ARC = YES;
				CLANG_ENABLE_OBJC_WEAK = YES;
				CLANG_WARN_BLOCK_CAPTURE_AUTORELEASING = YES;
				CLANG_WARN_BOOL_CONVERSION = YES;
				CLANG_WARN_COMMA = YES;
				CLANG_WARN_CONSTANT_CONVERSION = YES;
				CLANG_WARN_DEPRECATED_OBJC_IMPLEMENTATIONS = YES;
				CLANG_WARN_DIRECT_OBJC_ISA_USAGE = YES_ERROR;
				CLANG_WARN_DOCUMENTATION_COMMENTS = YES;
				CLANG_WARN_EMPTY_BODY = YES;
				CLANG_WARN_ENUM_CONVERSION = YES;
				CLANG_WARN_INFINITE_RECURSION = YES;
				CLANG_WARN_INT_CONVERSION = YES;
				CLANG_WARN_NON_LITERAL_NULL_CONVERSION = YES;
				CLANG_WARN_OBJC_IMPLICIT_RETAIN_SELF = YES;
				CLANG_WARN_OBJC_LITERAL_CONVERSION = YES;
				CLANG_WARN_OBJC_ROOT_CLASS = YES_ERROR;
				CLANG_WARN_QUOTED_INCLUDE_IN_FRAMEWORK_HEADER = YES;
				CLANG_WARN_RANGE_LOOP_ANALYSIS = YES;
				CLANG_WARN_STRICT_PROTOTYPES = YES;
				CLANG_WARN_SUSPICIOUS_MOVE = YES;
				CLANG_WARN_UNGUARDED_AVAILABILITY = YES_AGGRESSIVE;
				CLANG_WARN_UNREACHABLE_CODE = YES;
				CLANG_WARN__DUPLICATE_METHOD_MATCH = YES;
				COPY_PHASE_STRIP = NO;
				DEBUG_INFORMATION_FORMAT = "dwarf-with-dsym";
				ENABLE_NS_ASSERTIONS = NO;
				ENABLE_STRICT_OBJC_MSGSEND = YES;
				GCC_C_LANGUAGE_STANDARD = gnu11;
				GCC_NO_COMMON_BLOCKS = YES;
				GCC_WARN_64_TO_32_BIT_CONVERSION = YES;
				GCC_WARN_ABOUT_RETURN_TYPE = YES_ERROR;
				GCC_WARN_UNDECLARED_SELECTOR = YES;
				GCC_WARN_UNINITIALIZED_AUTOS = YES_AGGRESSIVE;
				GCC_WARN_UNUSED_FUNCTION = YES;
				GCC_WARN_UNUSED_VARIABLE = YES;
				IPHONEOS_DEPLOYMENT_TARGET = 16.4;
				MTL_ENABLE_DEBUG_INFO = NO;
				MTL_FAST_MATH = YES;
				SDKROOT = iphoneos;
				SWIFT_COMPILATION_MODE = wholemodule;
				SWIFT_OPTIMIZATION_LEVEL = "-O";
				VALIDATE_PRODUCT = YES;
			};
			name = Release;
		};
		4D35569C2A2060EA005FC72A /* Debug */ = {
			isa = XCBuildConfiguration;
			buildSettings = {
				ASSETCATALOG_COMPILER_APPICON_NAME = AppIcon;
				ASSETCATALOG_COMPILER_GLOBAL_ACCENT_COLOR_NAME = AccentColor;
				CODE_SIGN_STYLE = Automatic;
				CURRENT_PROJECT_VERSION = 1;
				DEVELOPMENT_ASSET_PATHS = "\"poppin-swift-assessment/Preview Content\"";
				ENABLE_PREVIEWS = YES;
				GENERATE_INFOPLIST_FILE = YES;
				INFOPLIST_KEY_UIApplicationSceneManifest_Generation = YES;
				INFOPLIST_KEY_UIApplicationSupportsIndirectInputEvents = YES;
				INFOPLIST_KEY_UILaunchScreen_Generation = YES;
				INFOPLIST_KEY_UISupportedInterfaceOrientations_iPad = "UIInterfaceOrientationPortrait UIInterfaceOrientationPortraitUpsideDown UIInterfaceOrientationLandscapeLeft UIInterfaceOrientationLandscapeRight";
				INFOPLIST_KEY_UISupportedInterfaceOrientations_iPhone = "UIInterfaceOrientationPortrait UIInterfaceOrientationLandscapeLeft UIInterfaceOrientationLandscapeRight";
				LD_RUNPATH_SEARCH_PATHS = (
					"$(inherited)",
					"@executable_path/Frameworks",
				);
				MARKETING_VERSION = 1.0;
				PRODUCT_BUNDLE_IDENTIFIER = "Tej-Thambi.poppin-swift-assessment";
				PRODUCT_NAME = "$(TARGET_NAME)";
				SWIFT_EMIT_LOC_STRINGS = YES;
				SWIFT_VERSION = 5.0;
				TARGETED_DEVICE_FAMILY = "1,2";
			};
			name = Debug;
		};
		4D35569D2A2060EA005FC72A /* Release */ = {
			isa = XCBuildConfiguration;
			buildSettings = {
				ASSETCATALOG_COMPILER_APPICON_NAME = AppIcon;
				ASSETCATALOG_COMPILER_GLOBAL_ACCENT_COLOR_NAME = AccentColor;
				CODE_SIGN_STYLE = Automatic;
				CURRENT_PROJECT_VERSION = 1;
				DEVELOPMENT_ASSET_PATHS = "\"poppin-swift-assessment/Preview Content\"";
				ENABLE_PREVIEWS = YES;
				GENERATE_INFOPLIST_FILE = YES;
				INFOPLIST_KEY_UIApplicationSceneManifest_Generation = YES;
				INFOPLIST_KEY_UIApplicationSupportsIndirectInputEvents = YES;
				INFOPLIST_KEY_UILaunchScreen_Generation = YES;
				INFOPLIST_KEY_UISupportedInterfaceOrientations_iPad = "UIInterfaceOrientationPortrait UIInterfaceOrientationPortraitUpsideDown UIInterfaceOrientationLandscapeLeft UIInterfaceOrientationLandscapeRight";
				INFOPLIST_KEY_UISupportedInterfaceOrientations_iPhone = "UIInterfaceOrientationPortrait UIInterfaceOrientationLandscapeLeft UIInterfaceOrientationLandscapeRight";
				LD_RUNPATH_SEARCH_PATHS = (
					"$(inherited)",
					"@executable_path/Frameworks",
				);
				MARKETING_VERSION = 1.0;
				PRODUCT_BUNDLE_IDENTIFIER = "Tej-Thambi.poppin-swift-assessment";
				PRODUCT_NAME = "$(TARGET_NAME)";
				SWIFT_EMIT_LOC_STRINGS = YES;
				SWIFT_VERSION = 5.0;
				TARGETED_DEVICE_FAMILY = "1,2";
			};
			name = Release;
		};
		4D35569F2A2060EA005FC72A /* Debug */ = {
			isa = XCBuildConfiguration;
			buildSettings = {
				ALWAYS_EMBED_SWIFT_STANDARD_LIBRARIES = YES;
				BUNDLE_LOADER = "$(TEST_HOST)";
				CODE_SIGN_STYLE = Automatic;
				CURRENT_PROJECT_VERSION = 1;
				GENERATE_INFOPLIST_FILE = YES;
				IPHONEOS_DEPLOYMENT_TARGET = 16.4;
				MARKETING_VERSION = 1.0;
				PRODUCT_BUNDLE_IDENTIFIER = "Tej-Thambi.poppin-swift-assessmentTests";
				PRODUCT_NAME = "$(TARGET_NAME)";
				SWIFT_EMIT_LOC_STRINGS = NO;
				SWIFT_VERSION = 5.0;
				TARGETED_DEVICE_FAMILY = "1,2";
				TEST_HOST = "$(BUILT_PRODUCTS_DIR)/poppin-swift-assessment.app/$(BUNDLE_EXECUTABLE_FOLDER_PATH)/poppin-swift-assessment";
			};
			name = Debug;
		};
		4D3556A02A2060EA005FC72A /* Release */ = {
			isa = XCBuildConfiguration;
			buildSettings = {
				ALWAYS_EMBED_SWIFT_STANDARD_LIBRARIES = YES;
				BUNDLE_LOADER = "$(TEST_HOST)";
				CODE_SIGN_STYLE = Automatic;
				CURRENT_PROJECT_VERSION = 1;
				GENERATE_INFOPLIST_FILE = YES;
				IPHONEOS_DEPLOYMENT_TARGET = 16.4;
				MARKETING_VERSION = 1.0;
				PRODUCT_BUNDLE_IDENTIFIER = "Tej-Thambi.poppin-swift-assessmentTests";
				PRODUCT_NAME = "$(TARGET_NAME)";
				SWIFT_EMIT_LOC_STRINGS = NO;
				SWIFT_VERSION = 5.0;
				TARGETED_DEVICE_FAMILY = "1,2";
				TEST_HOST = "$(BUILT_PRODUCTS_DIR)/poppin-swift-assessment.app/$(BUNDLE_EXECUTABLE_FOLDER_PATH)/poppin-swift-assessment";
			};
			name = Release;
		};
		4D3556A22A2060EA005FC72A /* Debug */ = {
			isa = XCBuildConfiguration;
			buildSettings = {
				ALWAYS_EMBED_SWIFT_STANDARD_LIBRARIES = YES;
				CODE_SIGN_STYLE = Automatic;
				CURRENT_PROJECT_VERSION = 1;
				GENERATE_INFOPLIST_FILE = YES;
				MARKETING_VERSION = 1.0;
				PRODUCT_BUNDLE_IDENTIFIER = "Tej-Thambi.poppin-swift-assessmentUITests";
				PRODUCT_NAME = "$(TARGET_NAME)";
				SWIFT_EMIT_LOC_STRINGS = NO;
				SWIFT_VERSION = 5.0;
				TARGETED_DEVICE_FAMILY = "1,2";
				TEST_TARGET_NAME = "poppin-swift-assessment";
			};
			name = Debug;
		};
		4D3556A32A2060EA005FC72A /* Release */ = {
			isa = XCBuildConfiguration;
			buildSettings = {
				ALWAYS_EMBED_SWIFT_STANDARD_LIBRARIES = YES;
				CODE_SIGN_STYLE = Automatic;
				CURRENT_PROJECT_VERSION = 1;
				GENERATE_INFOPLIST_FILE = YES;
				MARKETING_VERSION = 1.0;
				PRODUCT_BUNDLE_IDENTIFIER = "Tej-Thambi.poppin-swift-assessmentUITests";
				PRODUCT_NAME = "$(TARGET_NAME)";
				SWIFT_EMIT_LOC_STRINGS = NO;
				SWIFT_VERSION = 5.0;
				TARGETED_DEVICE_FAMILY = "1,2";
				TEST_TARGET_NAME = "poppin-swift-assessment";
			};
			name = Release;
		};
/* End XCBuildConfiguration section */

/* Begin XCConfigurationList section */
		4D3556722A2060E7005FC72A /* Build configuration list for PBXProject "poppin-swift-assessment" */ = {
			isa = XCConfigurationList;
			buildConfigurations = (
				4D3556992A2060EA005FC72A /* Debug */,
				4D35569A2A2060EA005FC72A /* Release */,
			);
			defaultConfigurationIsVisible = 0;
			defaultConfigurationName = Release;
		};
		4D35569B2A2060EA005FC72A /* Build configuration list for PBXNativeTarget "poppin-swift-assessment" */ = {
			isa = XCConfigurationList;
			buildConfigurations = (
				4D35569C2A2060EA005FC72A /* Debug */,
				4D35569D2A2060EA005FC72A /* Release */,
			);
			defaultConfigurationIsVisible = 0;
			defaultConfigurationName = Release;
		};
		4D35569E2A2060EA005FC72A /* Build configuration list for PBXNativeTarget "poppin-swift-assessmentTests" */ = {
			isa = XCConfigurationList;
			buildConfigurations = (
				4D35569F2A2060EA005FC72A /* Debug */,
				4D3556A02A2060EA005FC72A /* Release */,
			);
			defaultConfigurationIsVisible = 0;
			defaultConfigurationName = Release;
		};
		4D3556A12A2060EA005FC72A /* Build configuration list for PBXNativeTarget "poppin-swift-assessmentUITests" */ = {
			isa = XCConfigurationList;
			buildConfigurations = (
				4D3556A22A2060EA005FC72A /* Debug */,
				4D3556A32A2060EA005FC72A /* Release */,
			);
			defaultConfigurationIsVisible = 0;
			defaultConfigurationName = Release;
		};
/* End XCConfigurationList section */
	};
	rootObject = 4D35566F2A2060E7005FC72A /* Project object */;
}
